dependencies:
- name: erpc
  repository: file://../../../charts/erpc
  version: 0.1.36
- name: erpc
  repository: file://../../../charts/erpc
  version: 0.1.36
- name: erpc
  repository: file://../../../charts/erpc
  version: 0.1.36
- name: erpc
  repository: file://../../../charts/erpc
  version: 0.1.36
- name: erpc
  repository: file://../../../charts/erpc
  version: 0.1.36
- name: redis-ha
  repository: https://dandydeveloper.github.io/charts
  version: 4.35.2
- name: haproxy
  repository: https://haproxytech.github.io/helm-charts
  version: 1.26.1
- name: haproxy
  repository: https://haproxytech.github.io/helm-charts
  version: 1.26.1
- name: haproxy
  repository: https://haproxytech.github.io/helm-charts
  version: 1.26.1
- name: prometheus-redis-exporter
  repository: https://prometheus-community.github.io/helm-charts
  version: 6.8.0
digest: sha256:c0eab2e9c69ceeab79ea64c4154d2ec810eae54d0e0090cd39fffc953e08a00f
generated: "2026-07-21T17:28:33.268154+02:00"
